
Microsoft Visual Studio Solution File, Format Version 12.00
# Visual Studio Version 16
VisualStudioVersion = 16.0.31624.102
MinimumVisualStudioVersion = 10.0.40219.1
Project("{FAE04EC0-301F-11D3-BF4B-00C04F79EFBC}") = "LabH3", "LabH3\LabH3.csproj", "{FD1EA224-BD37-44BE-8DA3-C564E8BE6A60}"
EndProject
Global
	GlobalSection(SolutionConfigurationPlatforms) = preSolution
		Debug|Any CPU = Debug|Any CPU
		Release|Any CPU = Release|Any CPU
	EndGlobalSection
	GlobalSection(ProjectConfigurationPlatforms) = postSolution
		{FD1EA224-BD37-44BE-8DA3-C564E8BE6A60}.Debug|Any CPU.ActiveCfg = Debug|Any CPU
		{FD1EA224-BD37-44BE-8DA3-C564E8BE6A60}.Debug|Any CPU.Build.0 = Debug|Any CPU
		{FD1EA224-BD37-44BE-8DA3-C564E8BE6A60}.Release|Any CPU.ActiveCfg = Release|Any CPU
		{FD1EA224-BD37-44BE-8DA3-C564E8BE6A60}.Release|Any CPU.Build.0 = Release|Any CPU
	EndGlobalSection
	GlobalSection(SolutionProperties) = preSolution
		HideSolutionNode = FALSE
	EndGlobalSection
	GlobalSection(ExtensibilityGlobals) = postSolution
		SolutionGuid = {C4A13DF0-1600-41D3-A553-330651B73E4F}
	EndGlobalSection
EndGlobal
